
Microsoft Visual Studio Solution File, Format Version 12.00
# Visual Studio 14
VisualStudioVersion = 14.0.23107.0
MinimumVisualStudioVersion = 10.0.40219.1
Project("{FAE04EC0-301F-11D3-BF4B-00C04F79EFBC}") = "SimplifiedChainOfResponsibility", "SimplifiedChainOfResponsibility\SimplifiedChainOfResponsibility.csproj", "{97E60FA1-C171-431C-A62B-9E887F35490C}"
EndProject
Project("{FAE04EC0-301F-11D3-BF4B-00C04F79EFBC}") = "State", "State\State.csproj", "{6788EB95-04D5-4582-A1B4-989F7F93FFD0}"
EndProject
Project("{FAE04EC0-301F-11D3-BF4B-00C04F79EFBC}") = "Strategy", "Strategy\Strategy.csproj", "{3A53BA79-E457-4C39-8128-45BA20D17541}"
EndProject
Project("{FAE04EC0-301F-11D3-BF4B-00C04F79EFBC}") = "Composite", "Composite\Composite.csproj", "{23BF1DFF-73AC-45DA-9807-F4A3BDA21B9B}"
EndProject
Project("{FAE04EC0-301F-11D3-BF4B-00C04F79EFBC}") = "ChainOfResponsibility", "ChainOfResponsibility\ChainOfResponsibility.csproj", "{903C0D34-1340-49D7-946B-009964721BE6}"
EndProject
Project("{FAE04EC0-301F-11D3-BF4B-00C04F79EFBC}") = "Memento", "Memento\Memento.csproj", "{BBAD4A53-5D12-4038-8B8B-804683011395}"
EndProject
Project("{FAE04EC0-301F-11D3-BF4B-00C04F79EFBC}") = "Builder", "Builder\Builder.csproj", "{C6DC2110-DA60-4545-A224-E1AF46533B1B}"
EndProject
Project("{FAE04EC0-301F-11D3-BF4B-00C04F79EFBC}") = "Toolkit", "Toolkit\Toolkit.csproj", "{4459264E-6E4E-4E17-AFD5-63CC610169BF}"
EndProject
Project("{FAE04EC0-301F-11D3-BF4B-00C04F79EFBC}") = "Iterator", "Iterator\Iterator.csproj", "{35AA0C82-BB58-412C-B469-DC53A1C2E663}"
EndProject
Project("{FAE04EC0-301F-11D3-BF4B-00C04F79EFBC}") = "ImmutableObjectConvention", "ImmutableObjectConvention\ImmutableObjectConvention.csproj", "{3E32289D-ECAA-4B65-8948-447F73CCE644}"
EndProject
Project("{FAE04EC0-301F-11D3-BF4B-00C04F79EFBC}") = "PatternLibrary", "PatternLibrary\PatternLibrary.csproj", "{D088C5D8-30B6-4FE1-8CA7-45322D8B8214}"
EndProject
Project("{FAE04EC0-301F-11D3-BF4B-00C04F79EFBC}") = "PatternLibrary.Tests", "PatternLibrary.Tests\PatternLibrary.Tests.csproj", "{E971E379-3FA2-4A54-A73B-034E4996B8C0}"
EndProject
Project("{FAE04EC0-301F-11D3-BF4B-00C04F79EFBC}") = "Toolkit.Tests", "Toolkit.Tests\Toolkit.Tests.csproj", "{611C8684-C9B5-4EDB-BC62-4DA9D7690FEE}"
EndProject
Project("{FAE04EC0-301F-11D3-BF4B-00C04F79EFBC}") = "ConventionTests", "ConventionTests\ConventionTests.csproj", "{797B53C2-3F7D-41B7-9F93-0395B51A2C4B}"
EndProject
Global
	GlobalSection(SolutionConfigurationPlatforms) = preSolution
		Debug|Any CPU = Debug|Any CPU
		Release|Any CPU = Release|Any CPU
	EndGlobalSection
	GlobalSection(ProjectConfigurationPlatforms) = postSolution
		{97E60FA1-C171-431C-A62B-9E887F35490C}.Debug|Any CPU.ActiveCfg = Debug|Any CPU
		{97E60FA1-C171-431C-A62B-9E887F35490C}.Debug|Any CPU.Build.0 = Debug|Any CPU
		{97E60FA1-C171-431C-A62B-9E887F35490C}.Release|Any CPU.ActiveCfg = Release|Any CPU
		{97E60FA1-C171-431C-A62B-9E887F35490C}.Release|Any CPU.Build.0 = Release|Any CPU
		{6788EB95-04D5-4582-A1B4-989F7F93FFD0}.Debug|Any CPU.ActiveCfg = Debug|Any CPU
		{6788EB95-04D5-4582-A1B4-989F7F93FFD0}.Debug|Any CPU.Build.0 = Debug|Any CPU
		{6788EB95-04D5-4582-A1B4-989F7F93FFD0}.Release|Any CPU.ActiveCfg = Release|Any CPU
		{6788EB95-04D5-4582-A1B4-989F7F93FFD0}.Release|Any CPU.Build.0 = Release|Any CPU
		{3A53BA79-E457-4C39-8128-45BA20D17541}.Debug|Any CPU.ActiveCfg = Debug|Any CPU
		{3A53BA79-E457-4C39-8128-45BA20D17541}.Debug|Any CPU.Build.0 = Debug|Any CPU
		{3A53BA79-E457-4C39-8128-45BA20D17541}.Release|Any CPU.ActiveCfg = Release|Any CPU
		{3A53BA79-E457-4C39-8128-45BA20D17541}.Release|Any CPU.Build.0 = Release|Any CPU
		{23BF1DFF-73AC-45DA-9807-F4A3BDA21B9B}.Debug|Any CPU.ActiveCfg = Debug|Any CPU
		{23BF1DFF-73AC-45DA-9807-F4A3BDA21B9B}.Debug|Any CPU.Build.0 = Debug|Any CPU
		{23BF1DFF-73AC-45DA-9807-F4A3BDA21B9B}.Release|Any CPU.ActiveCfg = Release|Any CPU
		{23BF1DFF-73AC-45DA-9807-F4A3BDA21B9B}.Release|Any CPU.Build.0 = Release|Any CPU
		{903C0D34-1340-49D7-946B-009964721BE6}.Debug|Any CPU.ActiveCfg = Debug|Any CPU
		{903C0D34-1340-49D7-946B-009964721BE6}.Debug|Any CPU.Build.0 = Debug|Any CPU
		{903C0D34-1340-49D7-946B-009964721BE6}.Release|Any CPU.ActiveCfg = Release|Any CPU
		{903C0D34-1340-49D7-946B-009964721BE6}.Release|Any CPU.Build.0 = Release|Any CPU
		{BBAD4A53-5D12-4038-8B8B-804683011395}.Debug|Any CPU.ActiveCfg = Debug|Any CPU
		{BBAD4A53-5D12-4038-8B8B-804683011395}.Debug|Any CPU.Build.0 = Debug|Any CPU
		{BBAD4A53-5D12-4038-8B8B-804683011395}.Release|Any CPU.ActiveCfg = Release|Any CPU
		{BBAD4A53-5D12-4038-8B8B-804683011395}.Release|Any CPU.Build.0 = Release|Any CPU
		{C6DC2110-DA60-4545-A224-E1AF46533B1B}.Debug|Any CPU.ActiveCfg = Debug|Any CPU
		{C6DC2110-DA60-4545-A224-E1AF46533B1B}.Debug|Any CPU.Build.0 = Debug|Any CPU
		{C6DC2110-DA60-4545-A224-E1AF46533B1B}.Release|Any CPU.ActiveCfg = Release|Any CPU
		{C6DC2110-DA60-4545-A224-E1AF46533B1B}.Release|Any CPU.Build.0 = Release|Any CPU
		{4459264E-6E4E-4E17-AFD5-63CC610169BF}.Debug|Any CPU.ActiveCfg = Debug|Any CPU
		{4459264E-6E4E-4E17-AFD5-63CC610169BF}.Debug|Any CPU.Build.0 = Debug|Any CPU
		{4459264E-6E4E-4E17-AFD5-63CC610169BF}.Release|Any CPU.ActiveCfg = Release|Any CPU
		{4459264E-6E4E-4E17-AFD5-63CC610169BF}.Release|Any CPU.Build.0 = Release|Any CPU
		{35AA0C82-BB58-412C-B469-DC53A1C2E663}.Debug|Any CPU.ActiveCfg = Debug|Any CPU
		{35AA0C82-BB58-412C-B469-DC53A1C2E663}.Debug|Any CPU.Build.0 = Debug|Any CPU
		{35AA0C82-BB58-412C-B469-DC53A1C2E663}.Release|Any CPU.ActiveCfg = Release|Any CPU
		{35AA0C82-BB58-412C-B469-DC53A1C2E663}.Release|Any CPU.Build.0 = Release|Any CPU
		{3E32289D-ECAA-4B65-8948-447F73CCE644}.Debug|Any CPU.ActiveCfg = Debug|Any CPU
		{3E32289D-ECAA-4B65-8948-447F73CCE644}.Debug|Any CPU.Build.0 = Debug|Any CPU
		{3E32289D-ECAA-4B65-8948-447F73CCE644}.Release|Any CPU.ActiveCfg = Release|Any CPU
		{3E32289D-ECAA-4B65-8948-447F73CCE644}.Release|Any CPU.Build.0 = Release|Any CPU
		{D088C5D8-30B6-4FE1-8CA7-45322D8B8214}.Debug|Any CPU.ActiveCfg = Debug|Any CPU
		{D088C5D8-30B6-4FE1-8CA7-45322D8B8214}.Debug|Any CPU.Build.0 = Debug|Any CPU
		{D088C5D8-30B6-4FE1-8CA7-45322D8B8214}.Release|Any CPU.ActiveCfg = Release|Any CPU
		{D088C5D8-30B6-4FE1-8CA7-45322D8B8214}.Release|Any CPU.Build.0 = Release|Any CPU
		{E971E379-3FA2-4A54-A73B-034E4996B8C0}.Debug|Any CPU.ActiveCfg = Debug|Any CPU
		{E971E379-3FA2-4A54-A73B-034E4996B8C0}.Debug|Any CPU.Build.0 = Debug|Any CPU
		{E971E379-3FA2-4A54-A73B-034E4996B8C0}.Release|Any CPU.ActiveCfg = Release|Any CPU
		{E971E379-3FA2-4A54-A73B-034E4996B8C0}.Release|Any CPU.Build.0 = Release|Any CPU
		{611C8684-C9B5-4EDB-BC62-4DA9D7690FEE}.Debug|Any CPU.ActiveCfg = Debug|Any CPU
		{611C8684-C9B5-4EDB-BC62-4DA9D7690FEE}.Debug|Any CPU.Build.0 = Debug|Any CPU
		{611C8684-C9B5-4EDB-BC62-4DA9D7690FEE}.Release|Any CPU.ActiveCfg = Release|Any CPU
		{611C8684-C9B5-4EDB-BC62-4DA9D7690FEE}.Release|Any CPU.Build.0 = Release|Any CPU
		{797B53C2-3F7D-41B7-9F93-0395B51A2C4B}.Debug|Any CPU.ActiveCfg = Debug|Any CPU
		{797B53C2-3F7D-41B7-9F93-0395B51A2C4B}.Debug|Any CPU.Build.0 = Debug|Any CPU
		{797B53C2-3F7D-41B7-9F93-0395B51A2C4B}.Release|Any CPU.ActiveCfg = Release|Any CPU
		{797B53C2-3F7D-41B7-9F93-0395B51A2C4B}.Release|Any CPU.Build.0 = Release|Any CPU
	EndGlobalSection
	GlobalSection(SolutionProperties) = preSolution
		HideSolutionNode = FALSE
	EndGlobalSection
EndGlobal
